<?xml version="1.0" encoding="UTF-8" standalone="yes" ?>
<CodeBlocks_project_file>
	<FileVersion major="1" minor="6" />
	<Project>
		<Option title="CPP_demo" />
		<Option pch_mode="2" />
		<Option compiler="gcc" />
		<Build>
			<Target title="Debug">
				<Option output="bin/Debug/CPP_demo" prefix_auto="1" extension_auto="1" />
				<Option object_output="obj/Debug/" />
				<Option type="1" />
				<Option compiler="gcc" />
				<Compiler>
					<Add option="-g" />
				</Compiler>
			</Target>
			<Target title="Release">
				<Option output="bin/Release/CPP_demo" prefix_auto="1" extension_auto="1" />
				<Option object_output="obj/Release/" />
				<Option type="1" />
				<Option compiler="gcc" />
				<Compiler>
					<Add option="-O2" />
				</Compiler>
				<Linker>
					<Add option="-s" />
				</Linker>
			</Target>
		</Build>
		<Compiler>
			<Add option="-Wall" />
			<Add option="-fexceptions" />
		</Compiler>
		<Unit filename="../../CMakeLists.txt" />
		<Unit filename="LaserScanner.cpp">
			<Option compile="0" />
			<Option link="0" />
		</Unit>
		<Unit filename="LoopClosureDetection.cpp">
			<Option compile="0" />
			<Option link="0" />
		</Unit>
		<Unit filename="client.cpp">
			<Option compile="0" />
			<Option link="0" />
		</Unit>
		<Unit filename="go-to-goal.cpp">
			<Option compile="0" />
			<Option link="0" />
		</Unit>
		<Unit filename="listener.cpp">
			<Option compile="0" />
			<Option link="0" />
		</Unit>
		<Unit filename="main.cpp">
			<Option compile="0" />
			<Option link="0" />
		</Unit>
		<Unit filename="move_straight.cpp">
			<Option compile="0" />
			<Option link="0" />
		</Unit>
		<Unit filename="server.cpp">
			<Option compile="0" />
			<Option link="0" />
		</Unit>
		<Unit filename="talker.cpp">
			<Option compile="0" />
			<Option link="0" />
		</Unit>
		<Unit filename="tets.cpp" />
		<Unit filename="tf_broadcaster.cpp">
			<Option compile="0" />
			<Option link="0" />
		</Unit>
		<Unit filename="turn.cpp">
			<Option compile="0" />
			<Option link="0" />
		</Unit>
		<Extensions />
	</Project>
</CodeBlocks_project_file>
